// !$*UTF8*$!
{
	archiveVersion = 1;
	classes = {
	};
	objectVersion = 46;
	objects = {

/* Begin PBXBuildFile section */
		2200C2F61E9569D700CEF604 /* AppState.swift in Sources */ = {isa = PBXBuildFile; fileRef = 2200C2F51E9569D700CEF604 /* AppState.swift */; };
		220704A71E6369E700F31079 /* UIView + DropShadow.swift in Sources */ = {isa = PBXBuildFile; fileRef = 220704A61E6369E700F31079 /* UIView + DropShadow.swift */; };
		2249468B1CC7CF9700D5104C /* PopUpView.xib in Resources */ = {isa = PBXBuildFile; fileRef = 2249468A1CC7CF9700D5104C /* PopUpView.xib */; };
		2249468D1CC7D04700D5104C /* PopUpView.swift in Sources */ = {isa = PBXBuildFile; fileRef = 2249468C1CC7D04700D5104C /* PopUpView.swift */; };
		2249468F1CC7D2C900D5104C /* MusicPlayer.swift in Sources */ = {isa = PBXBuildFile; fileRef = 2249468E1CC7D2C900D5104C /* MusicPlayer.swift */; };
		224946911CC7D5B400D5104C /* PopUpViewController.swift in Sources */ = {isa = PBXBuildFile; fileRef = 224946901CC7D5B400D5104C /* PopUpViewController.swift */; };
		224946931CC7D72800D5104C /* PopUpTopBar.xib in Resources */ = {isa = PBXBuildFile; fileRef = 224946921CC7D72800D5104C /* PopUpTopBar.xib */; };
		224946951CC7D78400D5104C /* PopUpTopBarView.swift in Sources */ = {isa = PBXBuildFile; fileRef = 224946941CC7D78400D5104C /* PopUpTopBarView.swift */; };
		224946991CC7E23400D5104C /* UIView+Layout.swift in Sources */ = {isa = PBXBuildFile; fileRef = 224946981CC7E23400D5104C /* UIView+Layout.swift */; };
		226FB19F1FACFD26006A5185 /* MusicListViewProtocol.swift in Sources */ = {isa = PBXBuildFile; fileRef = 226FB19E1FACFD26006A5185 /* MusicListViewProtocol.swift */; };
		227285331E7B688C0052304A /* SearchSection.swift in Sources */ = {isa = PBXBuildFile; fileRef = 227285321E7B688C0052304A /* SearchSection.swift */; };
		229D59911E6384E30002F076 /* Storyboard.storyboard in Resources */ = {isa = PBXBuildFile; fileRef = 229D59901E6384E30002F076 /* Storyboard.storyboard */; };
		229D59931E645B4A0002F076 /* MusicTableViewCell.swift in Sources */ = {isa = PBXBuildFile; fileRef = 229D59921E645B4A0002F076 /* MusicTableViewCell.swift */; };
		22A802131E58E2CA004E74A4 /* SubMediaTableViewController.swift in Sources */ = {isa = PBXBuildFile; fileRef = 22A802121E58E2CA004E74A4 /* SubMediaTableViewController.swift */; };
		22A802151E58E317004E74A4 /* MediaViewModel.swift in Sources */ = {isa = PBXBuildFile; fileRef = 22A802141E58E317004E74A4 /* MediaViewModel.swift */; };
		22A802171E59E1D7004E74A4 /* MediaViewModelTest.swift in Sources */ = {isa = PBXBuildFile; fileRef = 22A802161E59E1D7004E74A4 /* MediaViewModelTest.swift */; };
		22AAD4651E47820C00FDE171 /* MainMusicTableViewControllerTest.swift in Sources */ = {isa = PBXBuildFile; fileRef = 22AAD4641E47820C00FDE171 /* MainMusicTableViewControllerTest.swift */; };
		22AAD4961E47B91B00FDE171 /* MediaSortType.swift in Sources */ = {isa = PBXBuildFile; fileRef = 22AAD4951E47B91B00FDE171 /* MediaSortType.swift */; };
		22DED0AF1D84A26B00F9C7FA /* TopViewController.swift in Sources */ = {isa = PBXBuildFile; fileRef = 22DED0AE1D84A26B00F9C7FA /* TopViewController.swift */; };
		22DED0B11D84AAD500F9C7FA /* Injectable.swift in Sources */ = {isa = PBXBuildFile; fileRef = 22DED0B01D84AAD500F9C7FA /* Injectable.swift */; };
		22DED0B71D85BCC700F9C7FA /* InjectableObjects.swift in Sources */ = {isa = PBXBuildFile; fileRef = 22DED0B61D85BCC700F9C7FA /* InjectableObjects.swift */; };
		22DED0BA1D85BD3600F9C7FA /* MediaCollection.swift in Sources */ = {isa = PBXBuildFile; fileRef = 22DED0B91D85BD3600F9C7FA /* MediaCollection.swift */; };
		22DED0BC1D87B59D00F9C7FA /* PlayButton.swift in Sources */ = {isa = PBXBuildFile; fileRef = 22DED0BB1D87B59C00F9C7FA /* PlayButton.swift */; };
		22DED0C01D8884A300F9C7FA /* ForwardButton.swift in Sources */ = {isa = PBXBuildFile; fileRef = 22DED0BF1D8884A300F9C7FA /* ForwardButton.swift */; };
		22DED0C21D8884AF00F9C7FA /* BackButton.swift in Sources */ = {isa = PBXBuildFile; fileRef = 22DED0C11D8884AF00F9C7FA /* BackButton.swift */; };
		22DED0C61D8894FB00F9C7FA /* MainMusicTableViewController.swift in Sources */ = {isa = PBXBuildFile; fileRef = 22DED0C51D8894FB00F9C7FA /* MainMusicTableViewController.swift */; };
		22DED0C81D88957200F9C7FA /* MainMusicViewModel.swift in Sources */ = {isa = PBXBuildFile; fileRef = 22DED0C71D88957200F9C7FA /* MainMusicViewModel.swift */; };
		22DED0CA1D88A39600F9C7FA /* MainMusicViewModelTest.swift in Sources */ = {isa = PBXBuildFile; fileRef = 22DED0C91D88A39600F9C7FA /* MainMusicViewModelTest.swift */; };
		22DED0CC1D88A4B600F9C7FA /* MediaItem.swift in Sources */ = {isa = PBXBuildFile; fileRef = 22DED0CB1D88A4B600F9C7FA /* MediaItem.swift */; };
		22DED0CE1D88A87500F9C7FA /* MPMediaItem+protocol.swift in Sources */ = {isa = PBXBuildFile; fileRef = 22DED0CD1D88A87500F9C7FA /* MPMediaItem+protocol.swift */; };
		22F4F48E1BFF92520050FE2B /* AppDelegate.swift in Sources */ = {isa = PBXBuildFile; fileRef = 22F4F48D1BFF92520050FE2B /* AppDelegate.swift */; };
		22F4F4951BFF92520050FE2B /* Assets.xcassets in Resources */ = {isa = PBXBuildFile; fileRef = 22F4F4941BFF92520050FE2B /* Assets.xcassets */; };
		22F4F4981BFF92520050FE2B /* LaunchScreen.storyboard in Resources */ = {isa = PBXBuildFile; fileRef = 22F4F4961BFF92520050FE2B /* LaunchScreen.storyboard */; };
		22F4F4A81C064F8C0050FE2B /* DRMusicPlayer.swift in Sources */ = {isa = PBXBuildFile; fileRef = 22F4F4A71C064F8C0050FE2B /* DRMusicPlayer.swift */; };
/* End PBXBuildFile section */

/* Begin PBXContainerItemProxy section */
		223693751D0C8E6D003F0359 /* PBXContainerItemProxy */ = {
			isa = PBXContainerItemProxy;
			containerPortal = 22F4F4821BFF92520050FE2B /* Project object */;
			proxyType = 1;
			remoteGlobalIDString = 22F4F4891BFF92520050FE2B;
			remoteInfo = SwiftSimpleMusic;
		};
/* End PBXContainerItemProxy section */

/* Begin PBXFileReference section */
		2200C2F51E9569D700CEF604 /* AppState.swift */ = {isa = PBXFileReference; fileEncoding = 4; lastKnownFileType = sourcecode.swift; path = AppState.swift; sourceTree = "<group>"; };
		220704A61E6369E700F31079 /* UIView + DropShadow.swift */ = {isa = PBXFileReference; fileEncoding = 4; lastKnownFileType = sourcecode.swift; path = "UIView + DropShadow.swift"; sourceTree = "<group>"; };
		223693701D0C8E6D003F0359 /* SwiftSimpleMusicTests.xctest */ = {isa = PBXFileReference; explicitFileType = wrapper.cfbundle; includeInIndex = 0; path = SwiftSimpleMusicTests.xctest; sourceTree = BUILT_PRODUCTS_DIR; };
		223693741D0C8E6D003F0359 /* Info.plist */ = {isa = PBXFileReference; lastKnownFileType = text.plist.xml; path = Info.plist; sourceTree = "<group>"; };
		2249468A1CC7CF9700D5104C /* PopUpView.xib */ = {isa = PBXFileReference; fileEncoding = 4; lastKnownFileType = file.xib; path = PopUpView.xib; sourceTree = "<group>"; };
		2249468C1CC7D04700D5104C /* PopUpView.swift */ = {isa = PBXFileReference; fileEncoding = 4; lastKnownFileType = sourcecode.swift; path = PopUpView.swift; sourceTree = "<group>"; };
		2249468E1CC7D2C900D5104C /* MusicPlayer.swift */ = {isa = PBXFileReference; fileEncoding = 4; lastKnownFileType = sourcecode.swift; path = MusicPlayer.swift; sourceTree = "<group>"; };
		224946901CC7D5B400D5104C /* PopUpViewController.swift */ = {isa = PBXFileReference; fileEncoding = 4; lastKnownFileType = sourcecode.swift; path = PopUpViewController.swift; sourceTree = "<group>"; };
		224946921CC7D72800D5104C /* PopUpTopBar.xib */ = {isa = PBXFileReference; fileEncoding = 4; lastKnownFileType = file.xib; path = PopUpTopBar.xib; sourceTree = "<group>"; };
		224946941CC7D78400D5104C /* PopUpTopBarView.swift */ = {isa = PBXFileReference; fileEncoding = 4; lastKnownFileType = sourcecode.swift; path = PopUpTopBarView.swift; sourceTree = "<group>"; };
		224946981CC7E23400D5104C /* UIView+Layout.swift */ = {isa = PBXFileReference; fileEncoding = 4; lastKnownFileType = sourcecode.swift; path = "UIView+Layout.swift"; sourceTree = "<group>"; };
		226FB19E1FACFD26006A5185 /* MusicListViewProtocol.swift */ = {isa = PBXFileReference; lastKnownFileType = sourcecode.swift; path = MusicListViewProtocol.swift; sourceTree = "<group>"; };
		227285321E7B688C0052304A /* SearchSection.swift */ = {isa = PBXFileReference; fileEncoding = 4; lastKnownFileType = sourcecode.swift; path = SearchSection.swift; sourceTree = "<group>"; };
		229D59901E6384E30002F076 /* Storyboard.storyboard */ = {isa = PBXFileReference; fileEncoding = 4; lastKnownFileType = file.storyboard; path = Storyboard.storyboard; sourceTree = "<group>"; };
		229D59921E645B4A0002F076 /* MusicTableViewCell.swift */ = {isa = PBXFileReference; fileEncoding = 4; lastKnownFileType = sourcecode.swift; path = MusicTableViewCell.swift; sourceTree = "<group>"; };
		22A802121E58E2CA004E74A4 /* SubMediaTableViewController.swift */ = {isa = PBXFileReference; fileEncoding = 4; lastKnownFileType = sourcecode.swift; path = SubMediaTableViewController.swift; sourceTree = "<group>"; };
		22A802141E58E317004E74A4 /* MediaViewModel.swift */ = {isa = PBXFileReference; fileEncoding = 4; lastKnownFileType = sourcecode.swift; path = MediaViewModel.swift; sourceTree = "<group>"; };
		22A802161E59E1D7004E74A4 /* MediaViewModelTest.swift */ = {isa = PBXFileReference; fileEncoding = 4; lastKnownFileType = sourcecode.swift; path = MediaViewModelTest.swift; sourceTree = "<group>"; };
		22AAD4641E47820C00FDE171 /* MainMusicTableViewControllerTest.swift */ = {isa = PBXFileReference; fileEncoding = 4; lastKnownFileType = sourcecode.swift; path = MainMusicTableViewControllerTest.swift; sourceTree = "<group>"; };
		22AAD4951E47B91B00FDE171 /* MediaSortType.swift */ = {isa = PBXFileReference; fileEncoding = 4; lastKnownFileType = sourcecode.swift; path = MediaSortType.swift; sourceTree = "<group>"; };
		22DED0AE1D84A26B00F9C7FA /* TopViewController.swift */ = {isa = PBXFileReference; fileEncoding = 4; lastKnownFileType = sourcecode.swift; path = TopViewController.swift; sourceTree = "<group>"; };
		22DED0B01D84AAD500F9C7FA /* Injectable.swift */ = {isa = PBXFileReference; fileEncoding = 4; lastKnownFileType = sourcecode.swift; path = Injectable.swift; sourceTree = "<group>"; };
		22DED0B61D85BCC700F9C7FA /* InjectableObjects.swift */ = {isa = PBXFileReference; fileEncoding = 4; lastKnownFileType = sourcecode.swift; path = InjectableObjects.swift; sourceTree = "<group>"; };
		22DED0B91D85BD3600F9C7FA /* MediaCollection.swift */ = {isa = PBXFileReference; fileEncoding = 4; lastKnownFileType = sourcecode.swift; name = MediaCollection.swift; path = ../MediaCollection.swift; sourceTree = "<group>"; };
		22DED0BB1D87B59C00F9C7FA /* PlayButton.swift */ = {isa = PBXFileReference; fileEncoding = 4; lastKnownFileType = sourcecode.swift; path = PlayButton.swift; sourceTree = "<group>"; };
		22DED0BF1D8884A300F9C7FA /* ForwardButton.swift */ = {isa = PBXFileReference; fileEncoding = 4; lastKnownFileType = sourcecode.swift; path = ForwardButton.swift; sourceTree = "<group>"; };
		22DED0C11D8884AF00F9C7FA /* BackButton.swift */ = {isa = PBXFileReference; fileEncoding = 4; lastKnownFileType = sourcecode.swift; path = BackButton.swift; sourceTree = "<group>"; };
		22DED0C51D8894FB00F9C7FA /* MainMusicTableViewController.swift */ = {isa = PBXFileReference; fileEncoding = 4; lastKnownFileType = sourcecode.swift; path = MainMusicTableViewController.swift; sourceTree = "<group>"; };
		22DED0C71D88957200F9C7FA /* MainMusicViewModel.swift */ = {isa = PBXFileReference; fileEncoding = 4; lastKnownFileType = sourcecode.swift; path = MainMusicViewModel.swift; sourceTree = "<group>"; };
		22DED0C91D88A39600F9C7FA /* MainMusicViewModelTest.swift */ = {isa = PBXFileReference; fileEncoding = 4; lastKnownFileType = sourcecode.swift; path = MainMusicViewModelTest.swift; sourceTree = "<group>"; };
		22DED0CB1D88A4B600F9C7FA /* MediaItem.swift */ = {isa = PBXFileReference; fileEncoding = 4; lastKnownFileType = sourcecode.swift; path = MediaItem.swift; sourceTree = "<group>"; };
		22DED0CD1D88A87500F9C7FA /* MPMediaItem+protocol.swift */ = {isa = PBXFileReference; fileEncoding = 4; lastKnownFileType = sourcecode.swift; path = "MPMediaItem+protocol.swift"; sourceTree = "<group>"; };
		22F4F48A1BFF92520050FE2B /* SwiftSimpleMusic.app */ = {isa = PBXFileReference; explicitFileType = wrapper.application; includeInIndex = 0; path = SwiftSimpleMusic.app; sourceTree = BUILT_PRODUCTS_DIR; };
		22F4F48D1BFF92520050FE2B /* AppDelegate.swift */ = {isa = PBXFileReference; lastKnownFileType = sourcecode.swift; path = AppDelegate.swift; sourceTree = "<group>"; };
		22F4F4941BFF92520050FE2B /* Assets.xcassets */ = {isa = PBXFileReference; lastKnownFileType = folder.assetcatalog; path = Assets.xcassets; sourceTree = "<group>"; };
		22F4F4971BFF92520050FE2B /* Base */ = {isa = PBXFileReference; lastKnownFileType = file.storyboard; name = Base; path = Base.lproj/LaunchScreen.storyboard; sourceTree = "<group>"; };
		22F4F4991BFF92520050FE2B /* Info.plist */ = {isa = PBXFileReference; lastKnownFileType = text.plist.xml; path = Info.plist; sourceTree = "<group>"; };
		22F4F4A71C064F8C0050FE2B /* DRMusicPlayer.swift */ = {isa = PBXFileReference; fileEncoding = 4; lastKnownFileType = sourcecode.swift; name = DRMusicPlayer.swift; path = ../DRMusicPlayer.swift; sourceTree = "<group>"; };
/* End PBXFileReference section */

/* Begin PBXFrameworksBuildPhase section */
		2236936D1D0C8E6D003F0359 /* Frameworks */ = {
			isa = PBXFrameworksBuildPhase;
			buildActionMask = 2147483647;
			files = (
			);
			runOnlyForDeploymentPostprocessing = 0;
		};
		22F4F4871BFF92520050FE2B /* Frameworks */ = {
			isa = PBXFrameworksBuildPhase;
			buildActionMask = 2147483647;
			files = (
			);
			runOnlyForDeploymentPostprocessing = 0;
		};
/* End PBXFrameworksBuildPhase section */

/* Begin PBXGroup section */
		220704A81E6369F300F31079 /* Extensions */ = {
			isa = PBXGroup;
			children = (
				224946981CC7E23400D5104C /* UIView+Layout.swift */,
				220704A61E6369E700F31079 /* UIView + DropShadow.swift */,
			);
			name = Extensions;
			sourceTree = "<group>";
		};
		223693711D0C8E6D003F0359 /* SwiftSimpleMusicTests */ = {
			isa = PBXGroup;
			children = (
				22AAD4641E47820C00FDE171 /* MainMusicTableViewControllerTest.swift */,
				22DED0C91D88A39600F9C7FA /* MainMusicViewModelTest.swift */,
				22A802161E59E1D7004E74A4 /* MediaViewModelTest.swift */,
				223693741D0C8E6D003F0359 /* Info.plist */,
			);
			path = SwiftSimpleMusicTests;
			sourceTree = "<group>";
		};
		22AAD4941E47B87700FDE171 /* Enums */ = {
			isa = PBXGroup;
			children = (
				22AAD4951E47B91B00FDE171 /* MediaSortType.swift */,
				227285321E7B688C0052304A /* SearchSection.swift */,
				2200C2F51E9569D700CEF604 /* AppState.swift */,
			);
			name = Enums;
			sourceTree = "<group>";
		};
		22DED0B21D84AAE400F9C7FA /* Protocols */ = {
			isa = PBXGroup;
			children = (
				22DED0B01D84AAD500F9C7FA /* Injectable.swift */,
			);
			name = Protocols;
			sourceTree = "<group>";
		};
		22DED0B31D84B28D00F9C7FA /* MusicPlayer */ = {
			isa = PBXGroup;
			children = (
				2249468E1CC7D2C900D5104C /* MusicPlayer.swift */,
			);
			name = MusicPlayer;
			sourceTree = "<group>";
		};
		22DED0B81D85BD2200F9C7FA /* Structs */ = {
			isa = PBXGroup;
			children = (
				22DED0CB1D88A4B600F9C7FA /* MediaItem.swift */,
				22DED0B91D85BD3600F9C7FA /* MediaCollection.swift */,
				22DED0B61D85BCC700F9C7FA /* InjectableObjects.swift */,
			);
			name = Structs;
			sourceTree = "<group>";
		};
		22DED0BD1D88252100F9C7FA /* PopUpView */ = {
			isa = PBXGroup;
			children = (
				224946901CC7D5B400D5104C /* PopUpViewController.swift */,
				226FB19E1FACFD26006A5185 /* MusicListViewProtocol.swift */,
				2249468C1CC7D04700D5104C /* PopUpView.swift */,
				2249468A1CC7CF9700D5104C /* PopUpView.xib */,
				224946941CC7D78400D5104C /* PopUpTopBarView.swift */,
				224946921CC7D72800D5104C /* PopUpTopBar.xib */,
			);
			name = PopUpView;
			sourceTree = "<group>";
		};
		22DED0BE1D88840400F9C7FA /* Buttons */ = {
			isa = PBXGroup;
			children = (
				22DED0BF1D8884A300F9C7FA /* ForwardButton.swift */,
				22DED0C11D8884AF00F9C7FA /* BackButton.swift */,
				22DED0BB1D87B59C00F9C7FA /* PlayButton.swift */,
			);
			name = Buttons;
			sourceTree = "<group>";
		};
		22F4F4811BFF92520050FE2B = {
			isa = PBXGroup;
			children = (
				22F4F48C1BFF92520050FE2B /* SwiftSimpleMusic */,
				223693711D0C8E6D003F0359 /* SwiftSimpleMusicTests */,
				22F4F48B1BFF92520050FE2B /* Products */,
				7716A899CEBDD59171A0A5F3 /* Frameworks */,
			);
			sourceTree = "<group>";
		};
		22F4F48B1BFF92520050FE2B /* Products */ = {
			isa = PBXGroup;
			children = (
				22F4F48A1BFF92520050FE2B /* SwiftSimpleMusic.app */,
				223693701D0C8E6D003F0359 /* SwiftSimpleMusicTests.xctest */,
			);
			name = Products;
			sourceTree = "<group>";
		};
		22F4F48C1BFF92520050FE2B /* SwiftSimpleMusic */ = {
			isa = PBXGroup;
			children = (
				220704A81E6369F300F31079 /* Extensions */,
				22AAD4941E47B87700FDE171 /* Enums */,
				22DED0B31D84B28D00F9C7FA /* MusicPlayer */,
				22F86CD51CFCEFCE0058C9D3 /* Models */,
				22F4F4A71C064F8C0050FE2B /* DRMusicPlayer.swift */,
				22F4F4A21C0644BA0050FE2B /* Supporting Files */,
				22F4F4A01C0644760050FE2B /* Views/ Controllers */,
				229D59901E6384E30002F076 /* Storyboard.storyboard */,
				22F4F4941BFF92520050FE2B /* Assets.xcassets */,
				22F4F4961BFF92520050FE2B /* LaunchScreen.storyboard */,
				22F4F4991BFF92520050FE2B /* Info.plist */,
			);
			path = SwiftSimpleMusic;
			sourceTree = "<group>";
		};
		22F4F4A01C0644760050FE2B /* Views/ Controllers */ = {
			isa = PBXGroup;
			children = (
				22DED0BE1D88840400F9C7FA /* Buttons */,
				22DED0C51D8894FB00F9C7FA /* MainMusicTableViewController.swift */,
				22DED0C71D88957200F9C7FA /* MainMusicViewModel.swift */,
				22A802121E58E2CA004E74A4 /* SubMediaTableViewController.swift */,
				22A802141E58E317004E74A4 /* MediaViewModel.swift */,
				22DED0BD1D88252100F9C7FA /* PopUpView */,
				22DED0AE1D84A26B00F9C7FA /* TopViewController.swift */,
				229D59921E645B4A0002F076 /* MusicTableViewCell.swift */,
			);
			name = "Views/ Controllers";
			sourceTree = "<group>";
		};
		22F4F4A21C0644BA0050FE2B /* Supporting Files */ = {
			isa = PBXGroup;
			children = (
				22F4F48D1BFF92520050FE2B /* AppDelegate.swift */,
				22DED0B21D84AAE400F9C7FA /* Protocols */,
				22DED0B81D85BD2200F9C7FA /* Structs */,
				22DED0CD1D88A87500F9C7FA /* MPMediaItem+protocol.swift */,
			);
			name = "Supporting Files";
			sourceTree = "<group>";
		};
		22F86CD51CFCEFCE0058C9D3 /* Models */ = {
			isa = PBXGroup;
			children = (
			);
			name = Models;
			sourceTree = "<group>";
		};
		7716A899CEBDD59171A0A5F3 /* Frameworks */ = {
			isa = PBXGroup;
			children = (
			);
			name = Frameworks;
			sourceTree = "<group>";
		};
/* End PBXGroup section */

/* Begin PBXNativeTarget section */
		2236936F1D0C8E6D003F0359 /* SwiftSimpleMusicTests */ = {
			isa = PBXNativeTarget;
			buildConfigurationList = 223693791D0C8E6D003F0359 /* Build configuration list for PBXNativeTarget "SwiftSimpleMusicTests" */;
			buildPhases = (
				2236936C1D0C8E6D003F0359 /* Sources */,
				2236936D1D0C8E6D003F0359 /* Frameworks */,
				2236936E1D0C8E6D003F0359 /* Resources */,
			);
			buildRules = (
			);
			dependencies = (
				223693761D0C8E6D003F0359 /* PBXTargetDependency */,
			);
			name = SwiftSimpleMusicTests;
			productName = SwiftSimpleMusicTests;
			productReference = 223693701D0C8E6D003F0359 /* SwiftSimpleMusicTests.xctest */;
			productType = "com.apple.product-type.bundle.unit-test";
		};
		22F4F4891BFF92520050FE2B /* SwiftSimpleMusic */ = {
			isa = PBXNativeTarget;
			buildConfigurationList = 22F4F49C1BFF92520050FE2B /* Build configuration list for PBXNativeTarget "SwiftSimpleMusic" */;
			buildPhases = (
				22F4F4861BFF92520050FE2B /* Sources */,
				22F4F4871BFF92520050FE2B /* Frameworks */,
				22F4F4881BFF92520050FE2B /* Resources */,
			);
			buildRules = (
			);
			dependencies = (
			);
			name = SwiftSimpleMusic;
			productName = SwiftSimpleMusic;
			productReference = 22F4F48A1BFF92520050FE2B /* SwiftSimpleMusic.app */;
			productType = "com.apple.product-type.application";
		};
/* End PBXNativeTarget section */

/* Begin PBXProject section */
		22F4F4821BFF92520050FE2B /* Project object */ = {
			isa = PBXProject;
			attributes = {
				LastSwiftUpdateCheck = 0730;
				LastUpgradeCheck = 0940;
				ORGANIZATIONNAME = "David Rynn";
				TargetAttributes = {
					2236936F1D0C8E6D003F0359 = {
						CreatedOnToolsVersion = 7.3;
						LastSwiftMigration = 0940;
						TestTargetID = 22F4F4891BFF92520050FE2B;
					};
					22F4F4891BFF92520050FE2B = {
						CreatedOnToolsVersion = 7.1.1;
						DevelopmentTeam = 3KR65ZULS9;
						LastSwiftMigration = 0940;
					};
				};
			};
			buildConfigurationList = 22F4F4851BFF92520050FE2B /* Build configuration list for PBXProject "SwiftSimpleMusic" */;
			compatibilityVersion = "Xcode 3.2";
			developmentRegion = English;
			hasScannedForEncodings = 0;
			knownRegions = (
				en,
				Base,
			);
			mainGroup = 22F4F4811BFF92520050FE2B;
			productRefGroup = 22F4F48B1BFF92520050FE2B /* Products */;
			projectDirPath = "";
			projectRoot = "";
			targets = (
				22F4F4891BFF92520050FE2B /* SwiftSimpleMusic */,
				2236936F1D0C8E6D003F0359 /* SwiftSimpleMusicTests */,
			);
		};
/* End PBXProject section */

/* Begin PBXResourcesBuildPhase section */
		2236936E1D0C8E6D003F0359 /* Resources */ = {
			isa = PBXResourcesBuildPhase;
			buildActionMask = 2147483647;
			files = (
			);
			runOnlyForDeploymentPostprocessing = 0;
		};
		22F4F4881BFF92520050FE2B /* Resources */ = {
			isa = PBXResourcesBuildPhase;
			buildActionMask = 2147483647;
			files = (
				22F4F4981BFF92520050FE2B /* LaunchScreen.storyboard in Resources */,
				224946931CC7D72800D5104C /* PopUpTopBar.xib in Resources */,
				2249468B1CC7CF9700D5104C /* PopUpView.xib in Resources */,
				22F4F4951BFF92520050FE2B /* Assets.xcassets in Resources */,
				229D59911E6384E30002F076 /* Storyboard.storyboard in Resources */,
			);
			runOnlyForDeploymentPostprocessing = 0;
		};
/* End PBXResourcesBuildPhase section */

/* Begin PBXSourcesBuildPhase section */
		2236936C1D0C8E6D003F0359 /* Sources */ = {
			isa = PBXSourcesBuildPhase;
			buildActionMask = 2147483647;
			files = (
				22AAD4651E47820C00FDE171 /* MainMusicTableViewControllerTest.swift in Sources */,
				22A802171E59E1D7004E74A4 /* MediaViewModelTest.swift in Sources */,
				22DED0CA1D88A39600F9C7FA /* MainMusicViewModelTest.swift in Sources */,
			);
			runOnlyForDeploymentPostprocessing = 0;
		};
		22F4F4861BFF92520050FE2B /* Sources */ = {
			isa = PBXSourcesBuildPhase;
			buildActionMask = 2147483647;
			files = (
				229D59931E645B4A0002F076 /* MusicTableViewCell.swift in Sources */,
				22DED0B11D84AAD500F9C7FA /* Injectable.swift in Sources */,
				22DED0BC1D87B59D00F9C7FA /* PlayButton.swift in Sources */,
				22DED0C61D8894FB00F9C7FA /* MainMusicTableViewController.swift in Sources */,
				22A802131E58E2CA004E74A4 /* SubMediaTableViewController.swift in Sources */,
				224946951CC7D78400D5104C /* PopUpTopBarView.swift in Sources */,
				22DED0BA1D85BD3600F9C7FA /* MediaCollection.swift in Sources */,
				22DED0C81D88957200F9C7FA /* MainMusicViewModel.swift in Sources */,
				224946911CC7D5B400D5104C /* PopUpViewController.swift in Sources */,
				22DED0AF1D84A26B00F9C7FA /* TopViewController.swift in Sources */,
				220704A71E6369E700F31079 /* UIView + DropShadow.swift in Sources */,
				2249468D1CC7D04700D5104C /* PopUpView.swift in Sources */,
				22A802151E58E317004E74A4 /* MediaViewModel.swift in Sources */,
				22AAD4961E47B91B00FDE171 /* MediaSortType.swift in Sources */,
				224946991CC7E23400D5104C /* UIView+Layout.swift in Sources */,
				22F4F4A81C064F8C0050FE2B /* DRMusicPlayer.swift in Sources */,
				226FB19F1FACFD26006A5185 /* MusicListViewProtocol.swift in Sources */,
				2200C2F61E9569D700CEF604 /* AppState.swift in Sources */,
				22DED0CE1D88A87500F9C7FA /* MPMediaItem+protocol.swift in Sources */,
				227285331E7B688C0052304A /* SearchSection.swift in Sources */,
				2249468F1CC7D2C900D5104C /* MusicPlayer.swift in Sources */,
				22F4F48E1BFF92520050FE2B /* AppDelegate.swift in Sources */,
				22DED0B71D85BCC700F9C7FA /* InjectableObjects.swift in Sources */,
				22DED0C01D8884A300F9C7FA /* ForwardButton.swift in Sources */,
				22DED0CC1D88A4B600F9C7FA /* MediaItem.swift in Sources */,
				22DED0C21D8884AF00F9C7FA /* BackButton.swift in Sources */,
			);
			runOnlyForDeploymentPostprocessing = 0;
		};
/* End PBXSourcesBuildPhase section */

/* Begin PBXTargetDependency section */
		223693761D0C8E6D003F0359 /* PBXTargetDependency */ = {
			isa = PBXTargetDependency;
			target = 22F4F4891BFF92520050FE2B /* SwiftSimpleMusic */;
			targetProxy = 223693751D0C8E6D003F0359 /* PBXContainerItemProxy */;
		};
/* End PBXTargetDependency section */

/* Begin PBXVariantGroup section */
		22F4F4961BFF92520050FE2B /* LaunchScreen.storyboard */ = {
			isa = PBXVariantGroup;
			children = (
				22F4F4971BFF92520050FE2B /* Base */,
			);
			name = LaunchScreen.storyboard;
			sourceTree = "<group>";
		};
/* End PBXVariantGroup section */

/* Begin XCBuildConfiguration section */
		223693771D0C8E6D003F0359 /* Debug */ = {
			isa = XCBuildConfiguration;
			buildSettings = {
				BUNDLE_LOADER = "$(TEST_HOST)";
				CLANG_ANALYZER_NONNULL = YES;
				INFOPLIST_FILE = SwiftSimpleMusicTests/Info.plist;
				IPHONEOS_DEPLOYMENT_TARGET = 9.3;
				LD_RUNPATH_SEARCH_PATHS = "$(inherited) @executable_path/Frameworks @loader_path/Frameworks";
				PRODUCT_BUNDLE_IDENTIFIER = edu.self.SwiftSimpleMusicTests;
				PRODUCT_NAME = "$(TARGET_NAME)";
				SWIFT_SWIFT3_OBJC_INFERENCE = On;
				SWIFT_VERSION = 4.0;
				TEST_HOST = "$(BUILT_PRODUCTS_DIR)/SwiftSimpleMusic.app/SwiftSimpleMusic";
			};
			name = Debug;
		};
		223693781D0C8E6D003F0359 /* Release */ = {
			isa = XCBuildConfiguration;
			buildSettings = {
				BUNDLE_LOADER = "$(TEST_HOST)";
				CLANG_ANALYZER_NONNULL = YES;
				INFOPLIST_FILE = SwiftSimpleMusicTests/Info.plist;
				IPHONEOS_DEPLOYMENT_TARGET = 9.3;
				LD_RUNPATH_SEARCH_PATHS = "$(inherited) @executable_path/Frameworks @loader_path/Frameworks";
				PRODUCT_BUNDLE_IDENTIFIER = edu.self.SwiftSimpleMusicTests;
				PRODUCT_NAME = "$(TARGET_NAME)";
				SWIFT_SWIFT3_OBJC_INFERENCE = On;
				SWIFT_VERSION = 4.0;
				TEST_HOST = "$(BUILT_PRODUCTS_DIR)/SwiftSimpleMusic.app/SwiftSimpleMusic";
			};
			name = Release;
		};
		22F4F49A1BFF92520050FE2B /* Debug */ = {
			isa = XCBuildConfiguration;
			buildSettings = {
				ALWAYS_SEARCH_USER_PATHS = NO;
				CLANG_CXX_LANGUAGE_STANDARD = "gnu++0x";
				CLANG_CXX_LIBRARY = "libc++";
				CLANG_ENABLE_MODULES = YES;
				CLANG_ENABLE_OBJC_ARC = YES;
				CLANG_WARN_BLOCK_CAPTURE_AUTORELEASING = YES;
				CLANG_WARN_BOOL_CONVERSION = YES;
				CLANG_WARN_COMMA = YES;
				CLANG_WARN_CONSTANT_CONVERSION = YES;
				CLANG_WARN_DEPRECATED_OBJC_IMPLEMENTATIONS = YES;
				CLANG_WARN_DIRECT_OBJC_ISA_USAGE = YES_ERROR;
				CLANG_WARN_EMPTY_BODY = YES;
				CLANG_WARN_ENUM_CONVERSION = YES;
				CLANG_WARN_INFINITE_RECURSION = YES;
				CLANG_WARN_INT_CONVERSION = YES;
				CLANG_WARN_NON_LITERAL_NULL_CONVERSION = YES;
				CLANG_WARN_OBJC_IMPLICIT_RETAIN_SELF = YES;
				CLANG_WARN_OBJC_LITERAL_CONVERSION = YES;
				CLANG_WARN_OBJC_ROOT_CLASS = YES_ERROR;
				CLANG_WARN_RANGE_LOOP_ANALYSIS = YES;
				CLANG_WARN_STRICT_PROTOTYPES = YES;
				CLANG_WARN_SUSPICIOUS_MOVE = YES;
				CLANG_WARN_UNREACHABLE_CODE = YES;
				CLANG_WARN__DUPLICATE_METHOD_MATCH = YES;
				"CODE_SIGN_IDENTITY[sdk=iphoneos*]" = "iPhone Developer";
				COPY_PHASE_STRIP = NO;
				DEBUG_INFORMATION_FORMAT = dwarf;
				ENABLE_STRICT_OBJC_MSGSEND = YES;
				ENABLE_TESTABILITY = YES;
				GCC_C_LANGUAGE_STANDARD = gnu99;
				GCC_DYNAMIC_NO_PIC = NO;
				GCC_NO_COMMON_BLOCKS = YES;
				GCC_OPTIMIZATION_LEVEL = 0;
				GCC_PREPROCESSOR_DEFINITIONS = (
					"DEBUG=1",
					"$(inherited)",
				);
				GCC_WARN_64_TO_32_BIT_CONVERSION = YES;
				GCC_WARN_ABOUT_RETURN_TYPE = YES_ERROR;
				GCC_WARN_UNDECLARED_SELECTOR = YES;
				GCC_WARN_UNINITIALIZED_AUTOS = YES_AGGRESSIVE;
				GCC_WARN_UNUSED_FUNCTION = YES;
				GCC_WARN_UNUSED_VARIABLE = YES;
				IPHONEOS_DEPLOYMENT_TARGET = 9.1;
				MTL_ENABLE_DEBUG_INFO = YES;
				ONLY_ACTIVE_ARCH = YES;
				SDKROOT = iphoneos;
				SWIFT_OPTIMIZATION_LEVEL = "-Onone";
				TARGETED_DEVICE_FAMILY = "1,2";
			};
			name = Debug;
		};
		22F4F49B1BFF92520050FE2B /* Release */ = {
			isa = XCBuildConfiguration;
			buildSettings = {
				ALWAYS_SEARCH_USER_PATHS = NO;
				CLANG_CXX_LANGUAGE_STANDARD = "gnu++0x";
				CLANG_CXX_LIBRARY = "libc++";
				CLANG_ENABLE_MODULES = YES;
				CLANG_ENABLE_OBJC_ARC = YES;
				CLANG_WARN_BLOCK_CAPTURE_AUTORELEASING = YES;
				CLANG_WARN_BOOL_CONVERSION = YES;
				CLANG_WARN_COMMA = YES;
				CLANG_WARN_CONSTANT_CONVERSION = YES;
				CLANG_WARN_DEPRECATED_OBJC_IMPLEMENTATIONS = YES;
				CLANG_WARN_DIRECT_OBJC_ISA_USAGE = YES_ERROR;
				CLANG_WARN_EMPTY_BODY = YES;
				CLANG_WARN_ENUM_CONVERSION = YES;
				CLANG_WARN_INFINITE_RECURSION = YES;
				CLANG_WARN_INT_CONVERSION = YES;
				CLANG_WARN_NON_LITERAL_NULL_CONVERSION = YES;
				CLANG_WARN_OBJC_IMPLICIT_RETAIN_SELF = YES;
				CLANG_WARN_OBJC_LITERAL_CONVERSION = YES;
				CLANG_WARN_OBJC_ROOT_CLASS = YES_ERROR;
				CLANG_WARN_RANGE_LOOP_ANALYSIS = YES;
				CLANG_WARN_STRICT_PROTOTYPES = YES;
				CLANG_WARN_SUSPICIOUS_MOVE = YES;
				CLANG_WARN_UNREACHABLE_CODE = YES;
				CLANG_WARN__DUPLICATE_METHOD_MATCH = YES;
				"CODE_SIGN_IDENTITY[sdk=iphoneos*]" = "iPhone Developer";
				COPY_PHASE_STRIP = NO;
				DEBUG_INFORMATION_FORMAT = "dwarf-with-dsym";
				ENABLE_NS_ASSERTIONS = NO;
				ENABLE_STRICT_OBJC_MSGSEND = YES;
				GCC_C_LANGUAGE_STANDARD = gnu99;
				GCC_NO_COMMON_BLOCKS = YES;
				GCC_WARN_64_TO_32_BIT_CONVERSION = YES;
				GCC_WARN_ABOUT_RETURN_TYPE = YES_ERROR;
				GCC_WARN_UNDECLARED_SELECTOR = YES;
				GCC_WARN_UNINITIALIZED_AUTOS = YES_AGGRESSIVE;
				GCC_WARN_UNUSED_FUNCTION = YES;
				GCC_WARN_UNUSED_VARIABLE = YES;
				IPHONEOS_DEPLOYMENT_TARGET = 9.1;
				MTL_ENABLE_DEBUG_INFO = NO;
				SDKROOT = iphoneos;
				SWIFT_OPTIMIZATION_LEVEL = "-Owholemodule";
				TARGETED_DEVICE_FAMILY = "1,2";
				VALIDATE_PRODUCT = YES;
			};
			name = Release;
		};
		22F4F49D1BFF92520050FE2B /* Debug */ = {
			isa = XCBuildConfiguration;
			buildSettings = {
				ASSETCATALOG_COMPILER_APPICON_NAME = AppIcon;
				CODE_SIGN_IDENTITY = "iPhone Developer";
				"CODE_SIGN_IDENTITY[sdk=iphoneos*]" = "iPhone Developer";
				INFOPLIST_FILE = SwiftSimpleMusic/Info.plist;
				LD_RUNPATH_SEARCH_PATHS = "$(inherited) @executable_path/Frameworks";
				PRODUCT_BUNDLE_IDENTIFIER = edu.self.SwiftSimpleMusic;
				PRODUCT_NAME = "$(TARGET_NAME)";
				PROVISIONING_PROFILE = "";
				SWIFT_SWIFT3_OBJC_INFERENCE = On;
				SWIFT_VERSION = 4.0;
			};
			name = Debug;
		};
		22F4F49E1BFF92520050FE2B /* Release */ = {
			isa = XCBuildConfiguration;
			buildSettings = {
				ASSETCATALOG_COMPILER_APPICON_NAME = AppIcon;
				CODE_SIGN_IDENTITY = "iPhone Developer";
				"CODE_SIGN_IDENTITY[sdk=iphoneos*]" = "iPhone Developer";
				INFOPLIST_FILE = SwiftSimpleMusic/Info.plist;
				LD_RUNPATH_SEARCH_PATHS = "$(inherited) @executable_path/Frameworks";
				PRODUCT_BUNDLE_IDENTIFIER = edu.self.SwiftSimpleMusic;
				PRODUCT_NAME = "$(TARGET_NAME)";
				PROVISIONING_PROFILE = "";
				SWIFT_SWIFT3_OBJC_INFERENCE = On;
				SWIFT_VERSION = 4.0;
			};
			name = Release;
		};
/* End XCBuildConfiguration section */

/* Begin XCConfigurationList section */
		223693791D0C8E6D003F0359 /* Build configuration list for PBXNativeTarget "SwiftSimpleMusicTests" */ = {
			isa = XCConfigurationList;
			buildConfigurations = (
				223693771D0C8E6D003F0359 /* Debug */,
				223693781D0C8E6D003F0359 /* Release */,
			);
			defaultConfigurationIsVisible = 0;
			defaultConfigurationName = Release;
		};
		22F4F4851BFF92520050FE2B /* Build configuration list for PBXProject "SwiftSimpleMusic" */ = {
			isa = XCConfigurationList;
			buildConfigurations = (
				22F4F49A1BFF92520050FE2B /* Debug */,
				22F4F49B1BFF92520050FE2B /* Release */,
			);
			defaultConfigurationIsVisible = 0;
			defaultConfigurationName = Release;
		};
		22F4F49C1BFF92520050FE2B /* Build configuration list for PBXNativeTarget "SwiftSimpleMusic" */ = {
			isa = XCConfigurationList;
			buildConfigurations = (
				22F4F49D1BFF92520050FE2B /* Debug */,
				22F4F49E1BFF92520050FE2B /* Release */,
			);
			defaultConfigurationIsVisible = 0;
			defaultConfigurationName = Release;
		};
/* End XCConfigurationList section */
	};
	rootObject = 22F4F4821BFF92520050FE2B /* Project object */;
}
